dependencies:
- name: sda-db
  repository: ""
  version: ^0
- name: sda-mq
  repository: ""
  version: ^0
- name: sda-orch
  repository: ""
  version: ^0
- name: sda-svc
  repository: ""
  version: ^0
- name: dev-s3
  repository: ""
  version: ^0
- name: dev-mock-oidc
  repository: ""
  version: ^0
digest: sha256:ddd472bc41640e28e6e2395c524d56645eefd40cc3c8bb543ce6635f6d151d02
generated: "2023-07-21T10:33:21.4266744+02:00"
